
Microsoft Visual Studio Solution File, Format Version 12.00
# Visual Studio 2012
Project("{FAE04EC0-301F-11D3-BF4B-00C04F79EFBC}") = "Pregunta8", "Pregunta8\Pregunta8.csproj", "{7D8C7004-642B-4510-B2F5-041111837B81}"
EndProject
Global
	GlobalSection(SolutionConfigurationPlatforms) = preSolution
		Debug|Any CPU = Debug|Any CPU
		Release|Any CPU = Release|Any CPU
	EndGlobalSection
	GlobalSection(ProjectConfigurationPlatforms) = postSolution
		{7D8C7004-642B-4510-B2F5-041111837B81}.Debug|Any CPU.ActiveCfg = Debug|Any CPU
		{7D8C7004-642B-4510-B2F5-041111837B81}.Debug|Any CPU.Build.0 = Debug|Any CPU
		{7D8C7004-642B-4510-B2F5-041111837B81}.Release|Any CPU.ActiveCfg = Release|Any CPU
		{7D8C7004-642B-4510-B2F5-041111837B81}.Release|Any CPU.Build.0 = Release|Any CPU
	EndGlobalSection
	GlobalSection(SolutionProperties) = preSolution
		HideSolutionNode = FALSE
	EndGlobalSection
EndGlobal
